
Microsoft Visual Studio Solution File, Format Version 12.00
# Visual Studio Version 17
VisualStudioVersion = 17.8.34511.84
MinimumVisualStudioVersion = 10.0.40219.1
Project("{9A19103F-16F7-4668-BE54-9A1E7A4F7556}") = "HomemadeServer", "HomemadeServer\HomemadeServer.csproj", "{3F861E09-69EF-49AB-9E76-5F11B3656AD9}"
EndProject
Project("{9A19103F-16F7-4668-BE54-9A1E7A4F7556}") = "HomemadeCLient - Console - Experimental", "HomemadeCLient - Console - Experimental\HomemadeCLient - Console - Experimental.csproj", "{9C434BF7-D26D-4215-B4D5-95AFA7CBA0C2}"
EndProject
Project("{9A19103F-16F7-4668-BE54-9A1E7A4F7556}") = "HomemadeCloudUtils", "HomemadeCloudUtils\HomemadeCloudUtils.csproj", "{64A17351-EDD4-4D27-A906-7FEAE19CF7A3}"
EndProject
Global
	GlobalSection(SolutionConfigurationPlatforms) = preSolution
		Debug|Any CPU = Debug|Any CPU
		Release|Any CPU = Release|Any CPU
	EndGlobalSection
	GlobalSection(ProjectConfigurationPlatforms) = postSolution
		{3F861E09-69EF-49AB-9E76-5F11B3656AD9}.Debug|Any CPU.ActiveCfg = Debug|Any CPU
		{3F861E09-69EF-49AB-9E76-5F11B3656AD9}.Debug|Any CPU.Build.0 = Debug|Any CPU
		{3F861E09-69EF-49AB-9E76-5F11B3656AD9}.Release|Any CPU.ActiveCfg = Release|Any CPU
		{3F861E09-69EF-49AB-9E76-5F11B3656AD9}.Release|Any CPU.Build.0 = Release|Any CPU
		{9C434BF7-D26D-4215-B4D5-95AFA7CBA0C2}.Debug|Any CPU.ActiveCfg = Debug|Any CPU
		{9C434BF7-D26D-4215-B4D5-95AFA7CBA0C2}.Debug|Any CPU.Build.0 = Debug|Any CPU
		{9C434BF7-D26D-4215-B4D5-95AFA7CBA0C2}.Release|Any CPU.ActiveCfg = Release|Any CPU
		{9C434BF7-D26D-4215-B4D5-95AFA7CBA0C2}.Release|Any CPU.Build.0 = Release|Any CPU
		{64A17351-EDD4-4D27-A906-7FEAE19CF7A3}.Debug|Any CPU.ActiveCfg = Debug|Any CPU
		{64A17351-EDD4-4D27-A906-7FEAE19CF7A3}.Debug|Any CPU.Build.0 = Debug|Any CPU
		{64A17351-EDD4-4D27-A906-7FEAE19CF7A3}.Release|Any CPU.ActiveCfg = Release|Any CPU
		{64A17351-EDD4-4D27-A906-7FEAE19CF7A3}.Release|Any CPU.Build.0 = Release|Any CPU
	EndGlobalSection
	GlobalSection(SolutionProperties) = preSolution
		HideSolutionNode = FALSE
	EndGlobalSection
	GlobalSection(ExtensibilityGlobals) = postSolution
		SolutionGuid = {89567631-7BAC-460E-BF69-9FED967F787A}
	EndGlobalSection
EndGlobal
